
Microsoft Visual Studio Solution File, Format Version 12.00
# Visual Studio 15
VisualStudioVersion = 15.0.28307.438
MinimumVisualStudioVersion = 10.0.40219.1
Project("{FAE04EC0-301F-11D3-BF4B-00C04F79EFBC}") = "SHS", "SHS.csproj", "{BC916578-B8F1-40A4-84B8-2DB61BC0FE45}"
EndProject
Global
	GlobalSection(SolutionConfigurationPlatforms) = preSolution
		Debug|Any CPU = Debug|Any CPU
		Release|Any CPU = Release|Any CPU
	EndGlobalSection
	GlobalSection(ProjectConfigurationPlatforms) = postSolution
		{BC916578-B8F1-40A4-84B8-2DB61BC0FE45}.Debug|Any CPU.ActiveCfg = Debug|Any CPU
		{BC916578-B8F1-40A4-84B8-2DB61BC0FE45}.Debug|Any CPU.Build.0 = Debug|Any CPU
		{BC916578-B8F1-40A4-84B8-2DB61BC0FE45}.Release|Any CPU.ActiveCfg = Release|Any CPU
		{BC916578-B8F1-40A4-84B8-2DB61BC0FE45}.Release|Any CPU.Build.0 = Release|Any CPU
	EndGlobalSection
	GlobalSection(SolutionProperties) = preSolution
		HideSolutionNode = FALSE
	EndGlobalSection
	GlobalSection(ExtensibilityGlobals) = postSolution
		SolutionGuid = {81A6ACDF-A5C1-4A4A-BA19-6BA4EFA5A798}
	EndGlobalSection
EndGlobal
